
Microsoft Visual Studio Solution File, Format Version 12.00
# Visual Studio Version 17
VisualStudioVersion = 17.0.31912.275
MinimumVisualStudioVersion = 10.0.40219.1
Project("{9A19103F-16F7-4668-BE54-9A1E7A4F7556}") = "M151AbschlussprojektFrontend", "M151AbschlussprojektFrontend\M151AbschlussprojektFrontend.csproj", "{BA29D7C3-2ED2-4678-8EC5-CBB10687DAE4}"
EndProject
Global
	GlobalSection(SolutionConfigurationPlatforms) = preSolution
		Debug|Any CPU = Debug|Any CPU
		Release|Any CPU = Release|Any CPU
	EndGlobalSection
	GlobalSection(ProjectConfigurationPlatforms) = postSolution
		{BA29D7C3-2ED2-4678-8EC5-CBB10687DAE4}.Debug|Any CPU.ActiveCfg = Debug|Any CPU
		{BA29D7C3-2ED2-4678-8EC5-CBB10687DAE4}.Debug|Any CPU.Build.0 = Debug|Any CPU
		{BA29D7C3-2ED2-4678-8EC5-CBB10687DAE4}.Release|Any CPU.ActiveCfg = Release|Any CPU
		{BA29D7C3-2ED2-4678-8EC5-CBB10687DAE4}.Release|Any CPU.Build.0 = Release|Any CPU
	EndGlobalSection
	GlobalSection(SolutionProperties) = preSolution
		HideSolutionNode = FALSE
	EndGlobalSection
	GlobalSection(ExtensibilityGlobals) = postSolution
		SolutionGuid = {4645E431-145B-4B96-8485-75A6EDA2BAA0}
	EndGlobalSection
EndGlobal
